// !$*UTF8*$!
{
	archiveVersion = 1;
	classes = {
	};
	objectVersion = 46;
	objects = {

/* Begin PBXBuildFile section */
		941B5CDB1DE7903D00725DBA /* AppDelegate.swift in Sources */ = {isa = PBXBuildFile; fileRef = 941B5CDA1DE7903D00725DBA /* AppDelegate.swift */; };
		941B5CE01DE7903D00725DBA /* Main.storyboard in Resources */ = {isa = PBXBuildFile; fileRef = 941B5CDE1DE7903D00725DBA /* Main.storyboard */; };
		941B5CE21DE7903D00725DBA /* Assets.xcassets in Resources */ = {isa = PBXBuildFile; fileRef = 941B5CE11DE7903D00725DBA /* Assets.xcassets */; };
		941B5CE51DE7903D00725DBA /* LaunchScreen.storyboard in Resources */ = {isa = PBXBuildFile; fileRef = 941B5CE31DE7903D00725DBA /* LaunchScreen.storyboard */; };
		9464A5F11DE7A09000F514F4 /* NotificationsTableViewController.swift in Sources */ = {isa = PBXBuildFile; fileRef = 9464A5F01DE7A09000F514F4 /* NotificationsTableViewController.swift */; };
		9464A5F51DE7A14000F514F4 /* NotificationViewController.swift in Sources */ = {isa = PBXBuildFile; fileRef = 9464A5F41DE7A14000F514F4 /* NotificationViewController.swift */; };
		9464A5F91DE7A1D500F514F4 /* Webservice.swift in Sources */ = {isa = PBXBuildFile; fileRef = 9464A5F81DE7A1D500F514F4 /* Webservice.swift */; };
		9464A5FB1DE7AE8300F514F4 /* NotificationStore.swift in Sources */ = {isa = PBXBuildFile; fileRef = 9464A5FA1DE7AE8300F514F4 /* NotificationStore.swift */; };
		9464A5FD1DE7BD1100F514F4 /* NotificationCell.swift in Sources */ = {isa = PBXBuildFile; fileRef = 9464A5FC1DE7BD1100F514F4 /* NotificationCell.swift */; };
		D64844322E5B97C98A388DB5 /* Pods_Beaconizer.framework in Frameworks */ = {isa = PBXBuildFile; fileRef = 72FC93E5351078F00074B696 /* Pods_Beaconizer.framework */; };
/* End PBXBuildFile section */

/* Begin PBXFileReference section */
		05F616251B7F5DA5C6257EE9 /* Pods-Beaconizer.debug.xcconfig */ = {isa = PBXFileReference; includeInIndex = 1; lastKnownFileType = text.xcconfig; name = "Pods-Beaconizer.debug.xcconfig"; path = "Pods/Target Support Files/Pods-Beaconizer/Pods-Beaconizer.debug.xcconfig"; sourceTree = "<group>"; };
		72FC93E5351078F00074B696 /* Pods_Beaconizer.framework */ = {isa = PBXFileReference; explicitFileType = wrapper.framework; includeInIndex = 0; path = Pods_Beaconizer.framework; sourceTree = BUILT_PRODUCTS_DIR; };
		941B5CD71DE7903D00725DBA /* Beaconizer.app */ = {isa = PBXFileReference; explicitFileType = wrapper.application; includeInIndex = 0; path = Beaconizer.app; sourceTree = BUILT_PRODUCTS_DIR; };
		941B5CDA1DE7903D00725DBA /* AppDelegate.swift */ = {isa = PBXFileReference; lastKnownFileType = sourcecode.swift; path = AppDelegate.swift; sourceTree = "<group>"; };
		941B5CDF1DE7903D00725DBA /* Base */ = {isa = PBXFileReference; lastKnownFileType = file.storyboard; name = Base; path = Base.lproj/Main.storyboard; sourceTree = "<group>"; };
		941B5CE11DE7903D00725DBA /* Assets.xcassets */ = {isa = PBXFileReference; lastKnownFileType = folder.assetcatalog; path = Assets.xcassets; sourceTree = "<group>"; };
		941B5CE41DE7903D00725DBA /* Base */ = {isa = PBXFileReference; lastKnownFileType = file.storyboard; name = Base; path = Base.lproj/LaunchScreen.storyboard; sourceTree = "<group>"; };
		941B5CE61DE7903D00725DBA /* Info.plist */ = {isa = PBXFileReference; lastKnownFileType = text.plist.xml; path = Info.plist; sourceTree = "<group>"; };
		9464A5F01DE7A09000F514F4 /* NotificationsTableViewController.swift */ = {isa = PBXFileReference; fileEncoding = 4; lastKnownFileType = sourcecode.swift; path = NotificationsTableViewController.swift; sourceTree = "<group>"; };
		9464A5F41DE7A14000F514F4 /* NotificationViewController.swift */ = {isa = PBXFileReference; fileEncoding = 4; lastKnownFileType = sourcecode.swift; path = NotificationViewController.swift; sourceTree = "<group>"; };
		9464A5F81DE7A1D500F514F4 /* Webservice.swift */ = {isa = PBXFileReference; fileEncoding = 4; lastKnownFileType = sourcecode.swift; path = Webservice.swift; sourceTree = "<group>"; };
		9464A5FA1DE7AE8300F514F4 /* NotificationStore.swift */ = {isa = PBXFileReference; fileEncoding = 4; lastKnownFileType = sourcecode.swift; path = NotificationStore.swift; sourceTree = "<group>"; };
		9464A5FC1DE7BD1100F514F4 /* NotificationCell.swift */ = {isa = PBXFileReference; fileEncoding = 4; lastKnownFileType = sourcecode.swift; name = NotificationCell.swift; path = Views/NotificationCell.swift; sourceTree = "<group>"; };
		E0D849774DB6C7263756C81E /* Pods-Beaconizer.release.xcconfig */ = {isa = PBXFileReference; includeInIndex = 1; lastKnownFileType = text.xcconfig; name = "Pods-Beaconizer.release.xcconfig"; path = "Pods/Target Support Files/Pods-Beaconizer/Pods-Beaconizer.release.xcconfig"; sourceTree = "<group>"; };
/* End PBXFileReference section */

/* Begin PBXFrameworksBuildPhase section */
		941B5CD41DE7903D00725DBA /* Frameworks */ = {
			isa = PBXFrameworksBuildPhase;
			buildActionMask = 2147483647;
			files = (
				D64844322E5B97C98A388DB5 /* Pods_Beaconizer.framework in Frameworks */,
			);
			runOnlyForDeploymentPostprocessing = 0;
		};
/* End PBXFrameworksBuildPhase section */

/* Begin PBXGroup section */
		0546BBAB53ECF00C00491986 /* Pods */ = {
			isa = PBXGroup;
			children = (
				05F616251B7F5DA5C6257EE9 /* Pods-Beaconizer.debug.xcconfig */,
				E0D849774DB6C7263756C81E /* Pods-Beaconizer.release.xcconfig */,
			);
			name = Pods;
			sourceTree = "<group>";
		};
		941B5CCE1DE7903D00725DBA = {
			isa = PBXGroup;
			children = (
				941B5CD91DE7903D00725DBA /* Beaconizer */,
				941B5CD81DE7903D00725DBA /* Products */,
				0546BBAB53ECF00C00491986 /* Pods */,
				E48AB22D978D0F425855F0FE /* Frameworks */,
			);
			sourceTree = "<group>";
		};
		941B5CD81DE7903D00725DBA /* Products */ = {
			isa = PBXGroup;
			children = (
				941B5CD71DE7903D00725DBA /* Beaconizer.app */,
			);
			name = Products;
			sourceTree = "<group>";
		};
		941B5CD91DE7903D00725DBA /* Beaconizer */ = {
			isa = PBXGroup;
			children = (
				941B5CDA1DE7903D00725DBA /* AppDelegate.swift */,
				941B5CDE1DE7903D00725DBA /* Main.storyboard */,
				941B5CE11DE7903D00725DBA /* Assets.xcassets */,
				941B5CE31DE7903D00725DBA /* LaunchScreen.storyboard */,
				941B5CE61DE7903D00725DBA /* Info.plist */,
				9464A5FE1DE7BD1900F514F4 /* Views */,
				9464A5EF1DE7A09000F514F4 /* Controllers */,
				94E6877A1DEFF85600926FB3 /* Models */,
			);
			path = Beaconizer;
			sourceTree = "<group>";
		};
		9464A5EF1DE7A09000F514F4 /* Controllers */ = {
			isa = PBXGroup;
			children = (
				9464A5F01DE7A09000F514F4 /* NotificationsTableViewController.swift */,
				9464A5F41DE7A14000F514F4 /* NotificationViewController.swift */,
			);
			path = Controllers;
			sourceTree = "<group>";
		};
		9464A5FE1DE7BD1900F514F4 /* Views */ = {
			isa = PBXGroup;
			children = (
				9464A5FC1DE7BD1100F514F4 /* NotificationCell.swift */,
			);
			name = Views;
			sourceTree = "<group>";
		};
		94E6877A1DEFF85600926FB3 /* Models */ = {
			isa = PBXGroup;
			children = (
				9464A5F81DE7A1D500F514F4 /* Webservice.swift */,
				9464A5FA1DE7AE8300F514F4 /* NotificationStore.swift */,
			);
			name = Models;
			sourceTree = "<group>";
		};
		E48AB22D978D0F425855F0FE /* Frameworks */ = {
			isa = PBXGroup;
			children = (
				72FC93E5351078F00074B696 /* Pods_Beaconizer.framework */,
			);
			name = Frameworks;
			sourceTree = "<group>";
		};
/* End PBXGroup section */

/* Begin PBXNativeTarget section */
		941B5CD61DE7903D00725DBA /* Beaconizer */ = {
			isa = PBXNativeTarget;
			buildConfigurationList = 941B5CE91DE7903D00725DBA /* Build configuration list for PBXNativeTarget "Beaconizer" */;
			buildPhases = (
				2B8E53F113FC746BFD8C3D92 /* [CP] Check Pods Manifest.lock */,
				941B5CD31DE7903D00725DBA /* Sources */,
				941B5CD41DE7903D00725DBA /* Frameworks */,
				941B5CD51DE7903D00725DBA /* Resources */,
				F7D4462F686BEB1AEBAE9A29 /* [CP] Embed Pods Frameworks */,
				403824DDB68F7DF9BDD3DFE8 /* [CP] Copy Pods Resources */,
			);
			buildRules = (
			);
			dependencies = (
			);
			name = Beaconizer;
			productName = Beaconizer;
			productReference = 941B5CD71DE7903D00725DBA /* Beaconizer.app */;
			productType = "com.apple.product-type.application";
		};
/* End PBXNativeTarget section */

/* Begin PBXProject section */
		941B5CCF1DE7903D00725DBA /* Project object */ = {
			isa = PBXProject;
			attributes = {
				LastSwiftUpdateCheck = 0810;
				LastUpgradeCheck = 0810;
				ORGANIZATIONNAME = Beaconizer;
				TargetAttributes = {
					941B5CD61DE7903D00725DBA = {
						CreatedOnToolsVersion = 8.1;
						ProvisioningStyle = Automatic;
					};
				};
			};
			buildConfigurationList = 941B5CD21DE7903D00725DBA /* Build configuration list for PBXProject "Beaconizer" */;
			compatibilityVersion = "Xcode 3.2";
			developmentRegion = English;
			hasScannedForEncodings = 0;
			knownRegions = (
				en,
				Base,
			);
			mainGroup = 941B5CCE1DE7903D00725DBA;
			productRefGroup = 941B5CD81DE7903D00725DBA /* Products */;
			projectDirPath = "";
			projectRoot = "";
			targets = (
				941B5CD61DE7903D00725DBA /* Beaconizer */,
			);
		};
/* End PBXProject section */

/* Begin PBXResourcesBuildPhase section */
		941B5CD51DE7903D00725DBA /* Resources */ = {
			isa = PBXResourcesBuildPhase;
			buildActionMask = 2147483647;
			files = (
				941B5CE51DE7903D00725DBA /* LaunchScreen.storyboard in Resources */,
				941B5CE21DE7903D00725DBA /* Assets.xcassets in Resources */,
				941B5CE01DE7903D00725DBA /* Main.storyboard in Resources */,
			);
			runOnlyForDeploymentPostprocessing = 0;
		};
/* End PBXResourcesBuildPhase section */

/* Begin PBXShellScriptBuildPhase section */
		2B8E53F113FC746BFD8C3D92 /* [CP] Check Pods Manifest.lock */ = {
			isa = PBXShellScriptBuildPhase;
			buildActionMask = 2147483647;
			files = (
			);
			inputPaths = (
			);
			name = "[CP] Check Pods Manifest.lock";
			outputPaths = (
			);
			runOnlyForDeploymentPostprocessing = 0;
			shellPath = /bin/sh;
			shellScript = "diff \"${PODS_ROOT}/../Podfile.lock\" \"${PODS_ROOT}/Manifest.lock\" > /dev/null\nif [ $? != 0 ] ; then\n    # print error to STDERR\n    echo \"error: The sandbox is not in sync with the Podfile.lock. Run 'pod install' or update your CocoaPods installation.\" >&2\n    exit 1\nfi\n";
			showEnvVarsInLog = 0;
		};
		403824DDB68F7DF9BDD3DFE8 /* [CP] Copy Pods Resources */ = {
			isa = PBXShellScriptBuildPhase;
			buildActionMask = 2147483647;
			files = (
			);
			inputPaths = (
			);
			name = "[CP] Copy Pods Resources";
			outputPaths = (
			);
			runOnlyForDeploymentPostprocessing = 0;
			shellPath = /bin/sh;
			shellScript = "\"${SRCROOT}/Pods/Target Support Files/Pods-Beaconizer/Pods-Beaconizer-resources.sh\"\n";
			showEnvVarsInLog = 0;
		};
		F7D4462F686BEB1AEBAE9A29 /* [CP] Embed Pods Frameworks */ = {
			isa = PBXShellScriptBuildPhase;
			buildActionMask = 2147483647;
			files = (
			);
			inputPaths = (
			);
			name = "[CP] Embed Pods Frameworks";
			outputPaths = (
			);
			runOnlyForDeploymentPostprocessing = 0;
			shellPath = /bin/sh;
			shellScript = "\"${SRCROOT}/Pods/Target Support Files/Pods-Beaconizer/Pods-Beaconizer-frameworks.sh\"\n";
			showEnvVarsInLog = 0;
		};
/* End PBXShellScriptBuildPhase section */

/* Begin PBXSourcesBuildPhase section */
		941B5CD31DE7903D00725DBA /* Sources */ = {
			isa = PBXSourcesBuildPhase;
			buildActionMask = 2147483647;
			files = (
				9464A5FD1DE7BD1100F514F4 /* NotificationCell.swift in Sources */,
				941B5CDB1DE7903D00725DBA /* AppDelegate.swift in Sources */,
				9464A5F11DE7A09000F514F4 /* NotificationsTableViewController.swift in Sources */,
				9464A5FB1DE7AE8300F514F4 /* NotificationStore.swift in Sources */,
				9464A5F91DE7A1D500F514F4 /* Webservice.swift in Sources */,
				9464A5F51DE7A14000F514F4 /* NotificationViewController.swift in Sources */,
			);
			runOnlyForDeploymentPostprocessing = 0;
		};
/* End PBXSourcesBuildPhase section */

/* Begin PBXVariantGroup section */
		941B5CDE1DE7903D00725DBA /* Main.storyboard */ = {
			isa = PBXVariantGroup;
			children = (
				941B5CDF1DE7903D00725DBA /* Base */,
			);
			name = Main.storyboard;
			sourceTree = "<group>";
		};
		941B5CE31DE7903D00725DBA /* LaunchScreen.storyboard */ = {
			isa = PBXVariantGroup;
			children = (
				941B5CE41DE7903D00725DBA /* Base */,
			);
			name = LaunchScreen.storyboard;
			sourceTree = "<group>";
		};
/* End PBXVariantGroup section */

/* Begin XCBuildConfiguration section */
		941B5CE71DE7903D00725DBA /* Debug */ = {
			isa = XCBuildConfiguration;
			buildSettings = {
				ALWAYS_SEARCH_USER_PATHS = NO;
				CLANG_ANALYZER_NONNULL = YES;
				CLANG_CXX_LANGUAGE_STANDARD = "gnu++0x";
				CLANG_CXX_LIBRARY = "libc++";
				CLANG_ENABLE_MODULES = YES;
				CLANG_ENABLE_OBJC_ARC = YES;
				CLANG_WARN_BOOL_CONVERSION = YES;
				CLANG_WARN_CONSTANT_CONVERSION = YES;
				CLANG_WARN_DIRECT_OBJC_ISA_USAGE = YES_ERROR;
				CLANG_WARN_DOCUMENTATION_COMMENTS = YES;
				CLANG_WARN_EMPTY_BODY = YES;
				CLANG_WARN_ENUM_CONVERSION = YES;
				CLANG_WARN_INFINITE_RECURSION = YES;
				CLANG_WARN_INT_CONVERSION = YES;
				CLANG_WARN_OBJC_ROOT_CLASS = YES_ERROR;
				CLANG_WARN_SUSPICIOUS_MOVES = YES;
				CLANG_WARN_UNREACHABLE_CODE = YES;
				CLANG_WARN__DUPLICATE_METHOD_MATCH = YES;
				"CODE_SIGN_IDENTITY[sdk=iphoneos*]" = "iPhone Developer";
				COPY_PHASE_STRIP = NO;
				DEBUG_INFORMATION_FORMAT = dwarf;
				ENABLE_STRICT_OBJC_MSGSEND = YES;
				ENABLE_TESTABILITY = YES;
				GCC_C_LANGUAGE_STANDARD = gnu99;
				GCC_DYNAMIC_NO_PIC = NO;
				GCC_NO_COMMON_BLOCKS = YES;
				GCC_OPTIMIZATION_LEVEL = 0;
				GCC_PREPROCESSOR_DEFINITIONS = (
					"DEBUG=1",
					"$(inherited)",
				);
				GCC_WARN_64_TO_32_BIT_CONVERSION = YES;
				GCC_WARN_ABOUT_RETURN_TYPE = YES_ERROR;
				GCC_WARN_UNDECLARED_SELECTOR = YES;
				GCC_WARN_UNINITIALIZED_AUTOS = YES_AGGRESSIVE;
				GCC_WARN_UNUSED_FUNCTION = YES;
				GCC_WARN_UNUSED_VARIABLE = YES;
				IPHONEOS_DEPLOYMENT_TARGET = 10.1;
				MTL_ENABLE_DEBUG_INFO = YES;
				ONLY_ACTIVE_ARCH = YES;
				SDKROOT = iphoneos;
				SWIFT_ACTIVE_COMPILATION_CONDITIONS = DEBUG;
				SWIFT_OPTIMIZATION_LEVEL = "-Onone";
				TARGETED_DEVICE_FAMILY = "1,2";
			};
			name = Debug;
		};
		941B5CE81DE7903D00725DBA /* Release */ = {
			isa = XCBuildConfiguration;
			buildSettings = {
				ALWAYS_SEARCH_USER_PATHS = NO;
				CLANG_ANALYZER_NONNULL = YES;
				CLANG_CXX_LANGUAGE_STANDARD = "gnu++0x";
				CLANG_CXX_LIBRARY = "libc++";
				CLANG_ENABLE_MODULES = YES;
				CLANG_ENABLE_OBJC_ARC = YES;
				CLANG_WARN_BOOL_CONVERSION = YES;
				CLANG_WARN_CONSTANT_CONVERSION = YES;
				CLANG_WARN_DIRECT_OBJC_ISA_USAGE = YES_ERROR;
				CLANG_WARN_DOCUMENTATION_COMMENTS = YES;
				CLANG_WARN_EMPTY_BODY = YES;
				CLANG_WARN_ENUM_CONVERSION = YES;
				CLANG_WARN_INFINITE_RECURSION = YES;
				CLANG_WARN_INT_CONVERSION = YES;
				CLANG_WARN_OBJC_ROOT_CLASS = YES_ERROR;
				CLANG_WARN_SUSPICIOUS_MOVES = YES;
				CLANG_WARN_UNREACHABLE_CODE = YES;
				CLANG_WARN__DUPLICATE_METHOD_MATCH = YES;
				"CODE_SIGN_IDENTITY[sdk=iphoneos*]" = "iPhone Developer";
				COPY_PHASE_STRIP = NO;
				DEBUG_INFORMATION_FORMAT = "dwarf-with-dsym";
				ENABLE_NS_ASSERTIONS = NO;
				ENABLE_STRICT_OBJC_MSGSEND = YES;
				GCC_C_LANGUAGE_STANDARD = gnu99;
				GCC_NO_COMMON_BLOCKS = YES;
				GCC_WARN_64_TO_32_BIT_CONVERSION = YES;
				GCC_WARN_ABOUT_RETURN_TYPE = YES_ERROR;
				GCC_WARN_UNDECLARED_SELECTOR = YES;
				GCC_WARN_UNINITIALIZED_AUTOS = YES_AGGRESSIVE;
				GCC_WARN_UNUSED_FUNCTION = YES;
				GCC_WARN_UNUSED_VARIABLE = YES;
				IPHONEOS_DEPLOYMENT_TARGET = 10.1;
				MTL_ENABLE_DEBUG_INFO = NO;
				SDKROOT = iphoneos;
				SWIFT_OPTIMIZATION_LEVEL = "-Owholemodule";
				TARGETED_DEVICE_FAMILY = "1,2";
				VALIDATE_PRODUCT = YES;
			};
			name = Release;
		};
		941B5CEA1DE7903D00725DBA /* Debug */ = {
			isa = XCBuildConfiguration;
			baseConfigurationReference = 05F616251B7F5DA5C6257EE9 /* Pods-Beaconizer.debug.xcconfig */;
			buildSettings = {
				ASSETCATALOG_COMPILER_APPICON_NAME = AppIcon;
				INFOPLIST_FILE = Beaconizer/Info.plist;
				LD_RUNPATH_SEARCH_PATHS = "$(inherited) @executable_path/Frameworks";
				PRODUCT_BUNDLE_IDENTIFIER = mx.ipn.upiicsa.Beaconizer;
				PRODUCT_NAME = "$(TARGET_NAME)";
				SWIFT_VERSION = 3.0;
			};
			name = Debug;
		};
		941B5CEB1DE7903D00725DBA /* Release */ = {
			isa = XCBuildConfiguration;
			baseConfigurationReference = E0D849774DB6C7263756C81E /* Pods-Beaconizer.release.xcconfig */;
			buildSettings = {
				ASSETCATALOG_COMPILER_APPICON_NAME = AppIcon;
				INFOPLIST_FILE = Beaconizer/Info.plist;
				LD_RUNPATH_SEARCH_PATHS = "$(inherited) @executable_path/Frameworks";
				PRODUCT_BUNDLE_IDENTIFIER = mx.ipn.upiicsa.Beaconizer;
				PRODUCT_NAME = "$(TARGET_NAME)";
				SWIFT_VERSION = 3.0;
			};
			name = Release;
		};
/* End XCBuildConfiguration section */

/* Begin XCConfigurationList section */
		941B5CD21DE7903D00725DBA /* Build configuration list for PBXProject "Beaconizer" */ = {
			isa = XCConfigurationList;
			buildConfigurations = (
				941B5CE71DE7903D00725DBA /* Debug */,
				941B5CE81DE7903D00725DBA /* Release */,
			);
			defaultConfigurationIsVisible = 0;
			defaultConfigurationName = Release;
		};
		941B5CE91DE7903D00725DBA /* Build configuration list for PBXNativeTarget "Beaconizer" */ = {
			isa = XCConfigurationList;
			buildConfigurations = (
				941B5CEA1DE7903D00725DBA /* Debug */,
				941B5CEB1DE7903D00725DBA /* Release */,
			);
			defaultConfigurationIsVisible = 0;
			defaultConfigurationName = Release;
		};
/* End XCConfigurationList section */
	};
	rootObject = 941B5CCF1DE7903D00725DBA /* Project object */;
}
